{
  "name": "osv-vulnerable-fixture",
  "version": "1.0.0",
  "lockfileVersion": 3,
  "requires": true,
  "packages": {
    "": {
      "name": "osv-vulnerable-fixture",
      "version": "1.0.0",
      "dependencies": {
        "lodash": "4.17.20"
      }
    },
    "node_modules/lodash": {
      "version": "4.17.20",
      "resolved": "https://registry.npmjs.org/lodash/-/lodash-4.17.20.tgz",
      "integrity": "sha512-PlhdFNNzqP3T/95bS0vM2Q8T2O7S3xM0O1lQ2xM3V4k5c6b7n8m9p0q1r2s3t4u5v6w7x8y9z0A1B2C3D4E5FQ=="
    }
  }
}
